{
  "dependencies": {
    "std": "32f765284ddb56c3c6192c9ff700b7d10802977b3653e164671db7994b005267"
  },
  "git_refs": {
    "https://github.com/zsh-users/zsh-autosuggestions.git": {
      "v0.7.1": "e52ee8ca55bcc56a17c828767a3f98f22a68d4eb"
    },
    "https://github.com/zsh-users/zsh-syntax-highlighting.git": {
      "0.8.0": "db085e4661f6aafd24e5acb5b2e17e4dd5dddf3e"
    }
  }
}
